// !$*UTF8*$!
{
	archiveVersion = 1;
	classes = {
	};
	objectVersion = 51;
	objects = {

/* Begin PBXBuildFile section */
		1FCFFA167808FB8D0DCBA1C4 /* Pods_Massenger.framework in Frameworks */ = {isa = PBXBuildFile; fileRef = 80FE2A011CB4223DD9A96A69 /* Pods_Massenger.framework */; };
		C00DC65125B5D4D200B3EC8C /* AuthManager.swift in Sources */ = {isa = PBXBuildFile; fileRef = C00DC65025B5D4D200B3EC8C /* AuthManager.swift */; };
		C013C45E25B5A12A000FEEEA /* AppDelegate.swift in Sources */ = {isa = PBXBuildFile; fileRef = C013C45D25B5A12A000FEEEA /* AppDelegate.swift */; };
		C013C46025B5A12A000FEEEA /* SceneDelegate.swift in Sources */ = {isa = PBXBuildFile; fileRef = C013C45F25B5A12A000FEEEA /* SceneDelegate.swift */; };
		C013C46225B5A12A000FEEEA /* ConversationsViewController.swift in Sources */ = {isa = PBXBuildFile; fileRef = C013C46125B5A12A000FEEEA /* ConversationsViewController.swift */; };
		C013C46525B5A12A000FEEEA /* Main.storyboard in Resources */ = {isa = PBXBuildFile; fileRef = C013C46325B5A12A000FEEEA /* Main.storyboard */; };
		C013C46725B5A12C000FEEEA /* Assets.xcassets in Resources */ = {isa = PBXBuildFile; fileRef = C013C46625B5A12C000FEEEA /* Assets.xcassets */; };
		C013C46A25B5A12C000FEEEA /* LaunchScreen.storyboard in Resources */ = {isa = PBXBuildFile; fileRef = C013C46825B5A12C000FEEEA /* LaunchScreen.storyboard */; };
		C013C47A25B5A484000FEEEA /* LoginViewController.swift in Sources */ = {isa = PBXBuildFile; fileRef = C013C47925B5A484000FEEEA /* LoginViewController.swift */; };
		C013C47E25B5A4A0000FEEEA /* RegisterViewController.swift in Sources */ = {isa = PBXBuildFile; fileRef = C013C47D25B5A49F000FEEEA /* RegisterViewController.swift */; };
		C013C48125B5A4C7000FEEEA /* PhotoViewerViewController.swift in Sources */ = {isa = PBXBuildFile; fileRef = C013C48025B5A4C7000FEEEA /* PhotoViewerViewController.swift */; };
		C013C48425B5A4EB000FEEEA /* VideoPlayerViewController.swift in Sources */ = {isa = PBXBuildFile; fileRef = C013C48325B5A4EB000FEEEA /* VideoPlayerViewController.swift */; };
		C013C48725B5A512000FEEEA /* NewConversationViewController.swift in Sources */ = {isa = PBXBuildFile; fileRef = C013C48625B5A512000FEEEA /* NewConversationViewController.swift */; };
		C013C48A25B5A532000FEEEA /* ProfileViewController.swift in Sources */ = {isa = PBXBuildFile; fileRef = C013C48925B5A532000FEEEA /* ProfileViewController.swift */; };
		C0C76ACA25B61B1200FF461F /* GoogleService-Info.plist in Resources */ = {isa = PBXBuildFile; fileRef = C0C76AC925B61B1200FF461F /* GoogleService-Info.plist */; };
		C0F8B77325B6FA62002D7008 /* DatabaseManager.swift in Sources */ = {isa = PBXBuildFile; fileRef = C0F8B77225B6FA62002D7008 /* DatabaseManager.swift */; };
/* End PBXBuildFile section */

/* Begin PBXFileReference section */
		009A6F0B4726941ADD35C84D /* Pods-Massenger.release.xcconfig */ = {isa = PBXFileReference; includeInIndex = 1; lastKnownFileType = text.xcconfig; name = "Pods-Massenger.release.xcconfig"; path = "Target Support Files/Pods-Massenger/Pods-Massenger.release.xcconfig"; sourceTree = "<group>"; };
		401663291D107B1BA14C2BBA /* Pods-Massenger.debug.xcconfig */ = {isa = PBXFileReference; includeInIndex = 1; lastKnownFileType = text.xcconfig; name = "Pods-Massenger.debug.xcconfig"; path = "Target Support Files/Pods-Massenger/Pods-Massenger.debug.xcconfig"; sourceTree = "<group>"; };
		80FE2A011CB4223DD9A96A69 /* Pods_Massenger.framework */ = {isa = PBXFileReference; explicitFileType = wrapper.framework; includeInIndex = 0; path = Pods_Massenger.framework; sourceTree = BUILT_PRODUCTS_DIR; };
		C00DC65025B5D4D200B3EC8C /* AuthManager.swift */ = {isa = PBXFileReference; lastKnownFileType = sourcecode.swift; path = AuthManager.swift; sourceTree = "<group>"; };
		C013C45A25B5A12A000FEEEA /* Massenger.app */ = {isa = PBXFileReference; explicitFileType = wrapper.application; includeInIndex = 0; path = Massenger.app; sourceTree = BUILT_PRODUCTS_DIR; };
		C013C45D25B5A12A000FEEEA /* AppDelegate.swift */ = {isa = PBXFileReference; lastKnownFileType = sourcecode.swift; path = AppDelegate.swift; sourceTree = "<group>"; };
		C013C45F25B5A12A000FEEEA /* SceneDelegate.swift */ = {isa = PBXFileReference; lastKnownFileType = sourcecode.swift; path = SceneDelegate.swift; sourceTree = "<group>"; };
		C013C46125B5A12A000FEEEA /* ConversationsViewController.swift */ = {isa = PBXFileReference; lastKnownFileType = sourcecode.swift; path = ConversationsViewController.swift; sourceTree = "<group>"; };
		C013C46425B5A12A000FEEEA /* Base */ = {isa = PBXFileReference; lastKnownFileType = file.storyboard; name = Base; path = Base.lproj/Main.storyboard; sourceTree = "<group>"; };
		C013C46625B5A12C000FEEEA /* Assets.xcassets */ = {isa = PBXFileReference; lastKnownFileType = folder.assetcatalog; path = Assets.xcassets; sourceTree = "<group>"; };
		C013C46925B5A12C000FEEEA /* Base */ = {isa = PBXFileReference; lastKnownFileType = file.storyboard; name = Base; path = Base.lproj/LaunchScreen.storyboard; sourceTree = "<group>"; };
		C013C46B25B5A12C000FEEEA /* Info.plist */ = {isa = PBXFileReference; lastKnownFileType = text.plist.xml; path = Info.plist; sourceTree = "<group>"; };
		C013C47925B5A484000FEEEA /* LoginViewController.swift */ = {isa = PBXFileReference; lastKnownFileType = sourcecode.swift; path = LoginViewController.swift; sourceTree = "<group>"; };
		C013C47D25B5A49F000FEEEA /* RegisterViewController.swift */ = {isa = PBXFileReference; lastKnownFileType = sourcecode.swift; path = RegisterViewController.swift; sourceTree = "<group>"; };
		C013C48025B5A4C7000FEEEA /* PhotoViewerViewController.swift */ = {isa = PBXFileReference; lastKnownFileType = sourcecode.swift; path = PhotoViewerViewController.swift; sourceTree = "<group>"; };
		C013C48325B5A4EB000FEEEA /* VideoPlayerViewController.swift */ = {isa = PBXFileReference; lastKnownFileType = sourcecode.swift; path = VideoPlayerViewController.swift; sourceTree = "<group>"; };
		C013C48625B5A512000FEEEA /* NewConversationViewController.swift */ = {isa = PBXFileReference; lastKnownFileType = sourcecode.swift; path = NewConversationViewController.swift; sourceTree = "<group>"; };
		C013C48925B5A532000FEEEA /* ProfileViewController.swift */ = {isa = PBXFileReference; lastKnownFileType = sourcecode.swift; path = ProfileViewController.swift; sourceTree = "<group>"; };
		C0C76AC925B61B1200FF461F /* GoogleService-Info.plist */ = {isa = PBXFileReference; fileEncoding = 4; lastKnownFileType = text.plist.xml; path = "GoogleService-Info.plist"; sourceTree = "<group>"; };
		C0F8B77225B6FA62002D7008 /* DatabaseManager.swift */ = {isa = PBXFileReference; lastKnownFileType = sourcecode.swift; path = DatabaseManager.swift; sourceTree = "<group>"; };
/* End PBXFileReference section */

/* Begin PBXFrameworksBuildPhase section */
		C013C45725B5A12A000FEEEA /* Frameworks */ = {
			isa = PBXFrameworksBuildPhase;
			buildActionMask = 2147483647;
			files = (
				1FCFFA167808FB8D0DCBA1C4 /* Pods_Massenger.framework in Frameworks */,
			);
			runOnlyForDeploymentPostprocessing = 0;
		};
/* End PBXFrameworksBuildPhase section */

/* Begin PBXGroup section */
		AA1AE03664BB0784F6C011DD /* Frameworks */ = {
			isa = PBXGroup;
			children = (
				80FE2A011CB4223DD9A96A69 /* Pods_Massenger.framework */,
			);
			name = Frameworks;
			sourceTree = "<group>";
		};
		C013C45125B5A12A000FEEEA = {
			isa = PBXGroup;
			children = (
				C013C45C25B5A12A000FEEEA /* Massenger */,
				C013C45B25B5A12A000FEEEA /* Products */,
				EE47CFDC9472ACB708775180 /* Pods */,
				AA1AE03664BB0784F6C011DD /* Frameworks */,
			);
			sourceTree = "<group>";
		};
		C013C45B25B5A12A000FEEEA /* Products */ = {
			isa = PBXGroup;
			children = (
				C013C45A25B5A12A000FEEEA /* Massenger.app */,
			);
			name = Products;
			sourceTree = "<group>";
		};
		C013C45C25B5A12A000FEEEA /* Massenger */ = {
			isa = PBXGroup;
			children = (
				C0C76AC925B61B1200FF461F /* GoogleService-Info.plist */,
				C013C47625B5A279000FEEEA /* Resources */,
				C013C47525B5A271000FEEEA /* ViewModels */,
				C013C47425B5A268000FEEEA /* Models */,
				C013C47325B5A263000FEEEA /* Views */,
				C013C47225B5A25A000FEEEA /* Controllers */,
				C013C46B25B5A12C000FEEEA /* Info.plist */,
			);
			path = Massenger;
			sourceTree = "<group>";
		};
		C013C47225B5A25A000FEEEA /* Controllers */ = {
			isa = PBXGroup;
			children = (
				C013C48C25B5B3FA000FEEEA /* Login and Register */,
				C013C46125B5A12A000FEEEA /* ConversationsViewController.swift */,
				C013C48025B5A4C7000FEEEA /* PhotoViewerViewController.swift */,
				C013C48325B5A4EB000FEEEA /* VideoPlayerViewController.swift */,
				C013C48625B5A512000FEEEA /* NewConversationViewController.swift */,
				C013C48925B5A532000FEEEA /* ProfileViewController.swift */,
			);
			path = Controllers;
			sourceTree = "<group>";
		};
		C013C47325B5A263000FEEEA /* Views */ = {
			isa = PBXGroup;
			children = (
				C013C47725B5A2A9000FEEEA /* Storyboards */,
				C013C46625B5A12C000FEEEA /* Assets.xcassets */,
			);
			path = Views;
			sourceTree = "<group>";
		};
		C013C47425B5A268000FEEEA /* Models */ = {
			isa = PBXGroup;
			children = (
			);
			path = Models;
			sourceTree = "<group>";
		};
		C013C47525B5A271000FEEEA /* ViewModels */ = {
			isa = PBXGroup;
			children = (
			);
			path = ViewModels;
			sourceTree = "<group>";
		};
		C013C47625B5A279000FEEEA /* Resources */ = {
			isa = PBXGroup;
			children = (
				C013C45D25B5A12A000FEEEA /* AppDelegate.swift */,
				C013C45F25B5A12A000FEEEA /* SceneDelegate.swift */,
				C00DC65025B5D4D200B3EC8C /* AuthManager.swift */,
				C0F8B77225B6FA62002D7008 /* DatabaseManager.swift */,
			);
			path = Resources;
			sourceTree = "<group>";
		};
		C013C47725B5A2A9000FEEEA /* Storyboards */ = {
			isa = PBXGroup;
			children = (
				C013C46325B5A12A000FEEEA /* Main.storyboard */,
				C013C46825B5A12C000FEEEA /* LaunchScreen.storyboard */,
			);
			path = Storyboards;
			sourceTree = "<group>";
		};
		C013C48C25B5B3FA000FEEEA /* Login and Register */ = {
			isa = PBXGroup;
			children = (
				C013C47925B5A484000FEEEA /* LoginViewController.swift */,
				C013C47D25B5A49F000FEEEA /* RegisterViewController.swift */,
			);
			path = "Login and Register";
			sourceTree = "<group>";
		};
		EE47CFDC9472ACB708775180 /* Pods */ = {
			isa = PBXGroup;
			children = (
				401663291D107B1BA14C2BBA /* Pods-Massenger.debug.xcconfig */,
				009A6F0B4726941ADD35C84D /* Pods-Massenger.release.xcconfig */,
			);
			path = Pods;
			sourceTree = "<group>";
		};
/* End PBXGroup section */

/* Begin PBXNativeTarget section */
		C013C45925B5A12A000FEEEA /* Massenger */ = {
			isa = PBXNativeTarget;
			buildConfigurationList = C013C46E25B5A12C000FEEEA /* Build configuration list for PBXNativeTarget "Massenger" */;
			buildPhases = (
				C2B0FEF8BD31DA611178F300 /* [CP] Check Pods Manifest.lock */,
				C013C45625B5A12A000FEEEA /* Sources */,
				C013C45725B5A12A000FEEEA /* Frameworks */,
				C013C45825B5A12A000FEEEA /* Resources */,
				84ED0947EB8A800F46BE0E54 /* [CP] Embed Pods Frameworks */,
			);
			buildRules = (
			);
			dependencies = (
			);
			name = Massenger;
			productName = Massenger;
			productReference = C013C45A25B5A12A000FEEEA /* Massenger.app */;
			productType = "com.apple.product-type.application";
		};
/* End PBXNativeTarget section */

/* Begin PBXProject section */
		C013C45225B5A12A000FEEEA /* Project object */ = {
			isa = PBXProject;
			attributes = {
				LastSwiftUpdateCheck = 1220;
				LastUpgradeCheck = 1220;
				TargetAttributes = {
					C013C45925B5A12A000FEEEA = {
						CreatedOnToolsVersion = 12.2;
					};
				};
			};
			buildConfigurationList = C013C45525B5A12A000FEEEA /* Build configuration list for PBXProject "Massenger" */;
			compatibilityVersion = "Xcode 9.3";
			developmentRegion = en;
			hasScannedForEncodings = 0;
			knownRegions = (
				en,
				Base,
			);
			mainGroup = C013C45125B5A12A000FEEEA;
			productRefGroup = C013C45B25B5A12A000FEEEA /* Products */;
			projectDirPath = "";
			projectRoot = "";
			targets = (
				C013C45925B5A12A000FEEEA /* Massenger */,
			);
		};
/* End PBXProject section */

/* Begin PBXResourcesBuildPhase section */
		C013C45825B5A12A000FEEEA /* Resources */ = {
			isa = PBXResourcesBuildPhase;
			buildActionMask = 2147483647;
			files = (
				C013C46A25B5A12C000FEEEA /* LaunchScreen.storyboard in Resources */,
				C013C46725B5A12C000FEEEA /* Assets.xcassets in Resources */,
				C013C46525B5A12A000FEEEA /* Main.storyboard in Resources */,
				C0C76ACA25B61B1200FF461F /* GoogleService-Info.plist in Resources */,
			);
			runOnlyForDeploymentPostprocessing = 0;
		};
/* End PBXResourcesBuildPhase section */

/* Begin PBXShellScriptBuildPhase section */
		84ED0947EB8A800F46BE0E54 /* [CP] Embed Pods Frameworks */ = {
			isa = PBXShellScriptBuildPhase;
			buildActionMask = 2147483647;
			files = (
			);
			inputFileListPaths = (
				"${PODS_ROOT}/Target Support Files/Pods-Massenger/Pods-Massenger-frameworks-${CONFIGURATION}-input-files.xcfilelist",
			);
			name = "[CP] Embed Pods Frameworks";
			outputFileListPaths = (
				"${PODS_ROOT}/Target Support Files/Pods-Massenger/Pods-Massenger-frameworks-${CONFIGURATION}-output-files.xcfilelist",
			);
			runOnlyForDeploymentPostprocessing = 0;
			shellPath = /bin/sh;
			shellScript = "\"${PODS_ROOT}/Target Support Files/Pods-Massenger/Pods-Massenger-frameworks.sh\"\n";
			showEnvVarsInLog = 0;
		};
		C2B0FEF8BD31DA611178F300 /* [CP] Check Pods Manifest.lock */ = {
			isa = PBXShellScriptBuildPhase;
			buildActionMask = 2147483647;
			files = (
			);
			inputFileListPaths = (
			);
			inputPaths = (
				"${PODS_PODFILE_DIR_PATH}/Podfile.lock",
				"${PODS_ROOT}/Manifest.lock",
			);
			name = "[CP] Check Pods Manifest.lock";
			outputFileListPaths = (
			);
			outputPaths = (
				"$(DERIVED_FILE_DIR)/Pods-Massenger-checkManifestLockResult.txt",
			);
			runOnlyForDeploymentPostprocessing = 0;
			shellPath = /bin/sh;
			shellScript = "diff \"${PODS_PODFILE_DIR_PATH}/Podfile.lock\" \"${PODS_ROOT}/Manifest.lock\" > /dev/null\nif [ $? != 0 ] ; then\n    # print error to STDERR\n    echo \"error: The sandbox is not in sync with the Podfile.lock. Run 'pod install' or update your CocoaPods installation.\" >&2\n    exit 1\nfi\n# This output is used by Xcode 'outputs' to avoid re-running this script phase.\necho \"SUCCESS\" > \"${SCRIPT_OUTPUT_FILE_0}\"\n";
			showEnvVarsInLog = 0;
		};
/* End PBXShellScriptBuildPhase section */

/* Begin PBXSourcesBuildPhase section */
		C013C45625B5A12A000FEEEA /* Sources */ = {
			isa = PBXSourcesBuildPhase;
			buildActionMask = 2147483647;
			files = (
				C013C47A25B5A484000FEEEA /* LoginViewController.swift in Sources */,
				C0F8B77325B6FA62002D7008 /* DatabaseManager.swift in Sources */,
				C013C47E25B5A4A0000FEEEA /* RegisterViewController.swift in Sources */,
				C013C48725B5A512000FEEEA /* NewConversationViewController.swift in Sources */,
				C013C46225B5A12A000FEEEA /* ConversationsViewController.swift in Sources */,
				C013C48425B5A4EB000FEEEA /* VideoPlayerViewController.swift in Sources */,
				C013C45E25B5A12A000FEEEA /* AppDelegate.swift in Sources */,
				C013C48A25B5A532000FEEEA /* ProfileViewController.swift in Sources */,
				C013C46025B5A12A000FEEEA /* SceneDelegate.swift in Sources */,
				C013C48125B5A4C7000FEEEA /* PhotoViewerViewController.swift in Sources */,
				C00DC65125B5D4D200B3EC8C /* AuthManager.swift in Sources */,
			);
			runOnlyForDeploymentPostprocessing = 0;
		};
/* End PBXSourcesBuildPhase section */

/* Begin PBXVariantGroup section */
		C013C46325B5A12A000FEEEA /* Main.storyboard */ = {
			isa = PBXVariantGroup;
			children = (
				C013C46425B5A12A000FEEEA /* Base */,
			);
			name = Main.storyboard;
			sourceTree = "<group>";
		};
		C013C46825B5A12C000FEEEA /* LaunchScreen.storyboard */ = {
			isa = PBXVariantGroup;
			children = (
				C013C46925B5A12C000FEEEA /* Base */,
			);
			name = LaunchScreen.storyboard;
			sourceTree = "<group>";
		};
/* End PBXVariantGroup section */

/* Begin XCBuildConfiguration section */
		C013C46C25B5A12C000FEEEA /* Debug */ = {
			isa = XCBuildConfiguration;
			buildSettings = {
				ALWAYS_SEARCH_USER_PATHS = NO;
				CLANG_ANALYZER_NONNULL = YES;
				CLANG_ANALYZER_NUMBER_OBJECT_CONVERSION = YES_AGGRESSIVE;
				CLANG_CXX_LANGUAGE_STANDARD = "gnu++14";
				CLANG_CXX_LIBRARY = "libc++";
				CLANG_ENABLE_MODULES = YES;
				CLANG_ENABLE_OBJC_ARC = YES;
				CLANG_ENABLE_OBJC_WEAK = YES;
				CLANG_WARN_BLOCK_CAPTURE_AUTORELEASING = YES;
				CLANG_WARN_BOOL_CONVERSION = YES;
				CLANG_WARN_COMMA = YES;
				CLANG_WARN_CONSTANT_CONVERSION = YES;
				CLANG_WARN_DEPRECATED_OBJC_IMPLEMENTATIONS = YES;
				CLANG_WARN_DIRECT_OBJC_ISA_USAGE = YES_ERROR;
				CLANG_WARN_DOCUMENTATION_COMMENTS = YES;
				CLANG_WARN_EMPTY_BODY = YES;
				CLANG_WARN_ENUM_CONVERSION = YES;
				CLANG_WARN_INFINITE_RECURSION = YES;
				CLANG_WARN_INT_CONVERSION = YES;
				CLANG_WARN_NON_LITERAL_NULL_CONVERSION = YES;
				CLANG_WARN_OBJC_IMPLICIT_RETAIN_SELF = YES;
				CLANG_WARN_OBJC_LITERAL_CONVERSION = YES;
				CLANG_WARN_OBJC_ROOT_CLASS = YES_ERROR;
				CLANG_WARN_QUOTED_INCLUDE_IN_FRAMEWORK_HEADER = YES;
				CLANG_WARN_RANGE_LOOP_ANALYSIS = YES;
				CLANG_WARN_STRICT_PROTOTYPES = YES;
				CLANG_WARN_SUSPICIOUS_MOVE = YES;
				CLANG_WARN_UNGUARDED_AVAILABILITY = YES_AGGRESSIVE;
				CLANG_WARN_UNREACHABLE_CODE = YES;
				CLANG_WARN__DUPLICATE_METHOD_MATCH = YES;
				COPY_PHASE_STRIP = NO;
				DEBUG_INFORMATION_FORMAT = dwarf;
				ENABLE_STRICT_OBJC_MSGSEND = YES;
				ENABLE_TESTABILITY = YES;
				GCC_C_LANGUAGE_STANDARD = gnu11;
				GCC_DYNAMIC_NO_PIC = NO;
				GCC_NO_COMMON_BLOCKS = YES;
				GCC_OPTIMIZATION_LEVEL = 0;
				GCC_PREPROCESSOR_DEFINITIONS = (
					"DEBUG=1",
					"$(inherited)",
				);
				GCC_WARN_64_TO_32_BIT_CONVERSION = YES;
				GCC_WARN_ABOUT_RETURN_TYPE = YES_ERROR;
				GCC_WARN_UNDECLARED_SELECTOR = YES;
				GCC_WARN_UNINITIALIZED_AUTOS = YES_AGGRESSIVE;
				GCC_WARN_UNUSED_FUNCTION = YES;
				GCC_WARN_UNUSED_VARIABLE = YES;
				IPHONEOS_DEPLOYMENT_TARGET = 14.2;
				MTL_ENABLE_DEBUG_INFO = INCLUDE_SOURCE;
				MTL_FAST_MATH = YES;
				ONLY_ACTIVE_ARCH = YES;
				SDKROOT = iphoneos;
				SWIFT_ACTIVE_COMPILATION_CONDITIONS = DEBUG;
				SWIFT_OPTIMIZATION_LEVEL = "-Onone";
			};
			name = Debug;
		};
		C013C46D25B5A12C000FEEEA /* Release */ = {
			isa = XCBuildConfiguration;
			buildSettings = {
				ALWAYS_SEARCH_USER_PATHS = NO;
				CLANG_ANALYZER_NONNULL = YES;
				CLANG_ANALYZER_NUMBER_OBJECT_CONVERSION = YES_AGGRESSIVE;
				CLANG_CXX_LANGUAGE_STANDARD = "gnu++14";
				CLANG_CXX_LIBRARY = "libc++";
				CLANG_ENABLE_MODULES = YES;
				CLANG_ENABLE_OBJC_ARC = YES;
				CLANG_ENABLE_OBJC_WEAK = YES;
				CLANG_WARN_BLOCK_CAPTURE_AUTORELEASING = YES;
				CLANG_WARN_BOOL_CONVERSION = YES;
				CLANG_WARN_COMMA = YES;
				CLANG_WARN_CONSTANT_CONVERSION = YES;
				CLANG_WARN_DEPRECATED_OBJC_IMPLEMENTATIONS = YES;
				CLANG_WARN_DIRECT_OBJC_ISA_USAGE = YES_ERROR;
				CLANG_WARN_DOCUMENTATION_COMMENTS = YES;
				CLANG_WARN_EMPTY_BODY = YES;
				CLANG_WARN_ENUM_CONVERSION = YES;
				CLANG_WARN_INFINITE_RECURSION = YES;
				CLANG_WARN_INT_CONVERSION = YES;
				CLANG_WARN_NON_LITERAL_NULL_CONVERSION = YES;
				CLANG_WARN_OBJC_IMPLICIT_RETAIN_SELF = YES;
				CLANG_WARN_OBJC_LITERAL_CONVERSION = YES;
				CLANG_WARN_OBJC_ROOT_CLASS = YES_ERROR;
				CLANG_WARN_QUOTED_INCLUDE_IN_FRAMEWORK_HEADER = YES;
				CLANG_WARN_RANGE_LOOP_ANALYSIS = YES;
				CLANG_WARN_STRICT_PROTOTYPES = YES;
				CLANG_WARN_SUSPICIOUS_MOVE = YES;
				CLANG_WARN_UNGUARDED_AVAILABILITY = YES_AGGRESSIVE;
				CLANG_WARN_UNREACHABLE_CODE = YES;
				CLANG_WARN__DUPLICATE_METHOD_MATCH = YES;
				COPY_PHASE_STRIP = NO;
				DEBUG_INFORMATION_FORMAT = "dwarf-with-dsym";
				ENABLE_NS_ASSERTIONS = NO;
				ENABLE_STRICT_OBJC_MSGSEND = YES;
				GCC_C_LANGUAGE_STANDARD = gnu11;
				GCC_NO_COMMON_BLOCKS = YES;
				GCC_WARN_64_TO_32_BIT_CONVERSION = YES;
				GCC_WARN_ABOUT_RETURN_TYPE = YES_ERROR;
				GCC_WARN_UNDECLARED_SELECTOR = YES;
				GCC_WARN_UNINITIALIZED_AUTOS = YES_AGGRESSIVE;
				GCC_WARN_UNUSED_FUNCTION = YES;
				GCC_WARN_UNUSED_VARIABLE = YES;
				IPHONEOS_DEPLOYMENT_TARGET = 14.2;
				MTL_ENABLE_DEBUG_INFO = NO;
				MTL_FAST_MATH = YES;
				SDKROOT = iphoneos;
				SWIFT_COMPILATION_MODE = wholemodule;
				SWIFT_OPTIMIZATION_LEVEL = "-O";
				VALIDATE_PRODUCT = YES;
			};
			name = Release;
		};
		C013C46F25B5A12C000FEEEA /* Debug */ = {
			isa = XCBuildConfiguration;
			baseConfigurationReference = 401663291D107B1BA14C2BBA /* Pods-Massenger.debug.xcconfig */;
			buildSettings = {
				ASSETCATALOG_COMPILER_APPICON_NAME = AppIcon;
				ASSETCATALOG_COMPILER_GLOBAL_ACCENT_COLOR_NAME = AccentColor;
				CODE_SIGN_STYLE = Automatic;
				DEVELOPMENT_TEAM = FB5JR6ZYW7;
				INFOPLIST_FILE = Massenger/Info.plist;
				LD_RUNPATH_SEARCH_PATHS = (
					"$(inherited)",
					"@executable_path/Frameworks",
				);
				PRODUCT_BUNDLE_IDENTIFIER = ehab.com.Massenger;
				PRODUCT_NAME = "$(TARGET_NAME)";
				SWIFT_VERSION = 5.0;
				TARGETED_DEVICE_FAMILY = "1,2";
			};
			name = Debug;
		};
		C013C47025B5A12C000FEEEA /* Release */ = {
			isa = XCBuildConfiguration;
			baseConfigurationReference = 009A6F0B4726941ADD35C84D /* Pods-Massenger.release.xcconfig */;
			buildSettings = {
				ASSETCATALOG_COMPILER_APPICON_NAME = AppIcon;
				ASSETCATALOG_COMPILER_GLOBAL_ACCENT_COLOR_NAME = AccentColor;
				CODE_SIGN_STYLE = Automatic;
				DEVELOPMENT_TEAM = FB5JR6ZYW7;
				INFOPLIST_FILE = Massenger/Info.plist;
				LD_RUNPATH_SEARCH_PATHS = (
					"$(inherited)",
					"@executable_path/Frameworks",
				);
				PRODUCT_BUNDLE_IDENTIFIER = ehab.com.Massenger;
				PRODUCT_NAME = "$(TARGET_NAME)";
				SWIFT_VERSION = 5.0;
				TARGETED_DEVICE_FAMILY = "1,2";
			};
			name = Release;
		};
/* End XCBuildConfiguration section */

/* Begin XCConfigurationList section */
		C013C45525B5A12A000FEEEA /* Build configuration list for PBXProject "Massenger" */ = {
			isa = XCConfigurationList;
			buildConfigurations = (
				C013C46C25B5A12C000FEEEA /* Debug */,
				C013C46D25B5A12C000FEEEA /* Release */,
			);
			defaultConfigurationIsVisible = 0;
			defaultConfigurationName = Release;
		};
		C013C46E25B5A12C000FEEEA /* Build configuration list for PBXNativeTarget "Massenger" */ = {
			isa = XCConfigurationList;
			buildConfigurations = (
				C013C46F25B5A12C000FEEEA /* Debug */,
				C013C47025B5A12C000FEEEA /* Release */,
			);
			defaultConfigurationIsVisible = 0;
			defaultConfigurationName = Release;
		};
/* End XCConfigurationList section */
	};
	rootObject = C013C45225B5A12A000FEEEA /* Project object */;
}
